
Microsoft Visual Studio Solution File, Format Version 12.00
# Visual Studio Version 17
VisualStudioVersion = 17.5.33516.290
MinimumVisualStudioVersion = 10.0.40219.1
Project("{9A19103F-16F7-4668-BE54-9A1E7A4F7556}") = "BulkyWeb", "BulkyWeb\BulkyWeb.csproj", "{A56B1832-4665-4E72-9D76-505C402E0B44}"
EndProject
Project("{FAE04EC0-301F-11D3-BF4B-00C04F79EFBC}") = "Bulky.DataAccess", "Bulky.DataAccess\Bulky.DataAccess.csproj", "{358C1B8C-52D3-414B-A73E-6DF92DB669B5}"
EndProject
Project("{FAE04EC0-301F-11D3-BF4B-00C04F79EFBC}") = "Bulky.Models", "Bulky.Models\Bulky.Models.csproj", "{6C37E93D-D643-434B-843E-52CC3D3BC6B3}"
EndProject
Project("{FAE04EC0-301F-11D3-BF4B-00C04F79EFBC}") = "Bulky.Utilities", "Bulky.Utilities\Bulky.Utilities.csproj", "{536A31D7-7E69-4270-B255-4A289C01DA31}"
EndProject
Global
	GlobalSection(SolutionConfigurationPlatforms) = preSolution
		Debug|Any CPU = Debug|Any CPU
		Release|Any CPU = Release|Any CPU
	EndGlobalSection
	GlobalSection(ProjectConfigurationPlatforms) = postSolution
		{A56B1832-4665-4E72-9D76-505C402E0B44}.Debug|Any CPU.ActiveCfg = Debug|Any CPU
		{A56B1832-4665-4E72-9D76-505C402E0B44}.Debug|Any CPU.Build.0 = Debug|Any CPU
		{A56B1832-4665-4E72-9D76-505C402E0B44}.Release|Any CPU.ActiveCfg = Release|Any CPU
		{A56B1832-4665-4E72-9D76-505C402E0B44}.Release|Any CPU.Build.0 = Release|Any CPU
		{358C1B8C-52D3-414B-A73E-6DF92DB669B5}.Debug|Any CPU.ActiveCfg = Debug|Any CPU
		{358C1B8C-52D3-414B-A73E-6DF92DB669B5}.Debug|Any CPU.Build.0 = Debug|Any CPU
		{358C1B8C-52D3-414B-A73E-6DF92DB669B5}.Release|Any CPU.ActiveCfg = Release|Any CPU
		{358C1B8C-52D3-414B-A73E-6DF92DB669B5}.Release|Any CPU.Build.0 = Release|Any CPU
		{6C37E93D-D643-434B-843E-52CC3D3BC6B3}.Debug|Any CPU.ActiveCfg = Debug|Any CPU
		{6C37E93D-D643-434B-843E-52CC3D3BC6B3}.Debug|Any CPU.Build.0 = Debug|Any CPU
		{6C37E93D-D643-434B-843E-52CC3D3BC6B3}.Release|Any CPU.ActiveCfg = Release|Any CPU
		{6C37E93D-D643-434B-843E-52CC3D3BC6B3}.Release|Any CPU.Build.0 = Release|Any CPU
		{536A31D7-7E69-4270-B255-4A289C01DA31}.Debug|Any CPU.ActiveCfg = Debug|Any CPU
		{536A31D7-7E69-4270-B255-4A289C01DA31}.Debug|Any CPU.Build.0 = Debug|Any CPU
		{536A31D7-7E69-4270-B255-4A289C01DA31}.Release|Any CPU.ActiveCfg = Release|Any CPU
		{536A31D7-7E69-4270-B255-4A289C01DA31}.Release|Any CPU.Build.0 = Release|Any CPU
	EndGlobalSection
	GlobalSection(SolutionProperties) = preSolution
		HideSolutionNode = FALSE
	EndGlobalSection
	GlobalSection(ExtensibilityGlobals) = postSolution
		SolutionGuid = {1EA84665-200D-4467-8864-71B2F5FF3B21}
	EndGlobalSection
EndGlobal
